<?xml version="1.0" encoding="utf-8"?>
<Project ToolsVersion="4.0" xmlns="http://schemas.microsoft.com/developer/msbuild/2003">
  <ItemGroup>
    <ClCompile Include="ConfigDlg.cpp">
      <Filter>源文件</Filter>
    </ClCompile>
    <ClCompile Include="DrawDlg.cpp">
      <Filter>源文件</Filter>
    </ClCompile>
    <ClCompile Include="Functions.cpp">
      <Filter>源文件</Filter>
    </ClCompile>
    <ClCompile Include="rbtnetDemo.cpp">
      <Filter>源文件</Filter>
    </ClCompile>
    <ClCompile Include="rbtnetDemoDlg.cpp">
      <Filter>源文件</Filter>
    </ClCompile>
    <ClCompile Include="stdafx.cpp">
      <Filter>源文件</Filter>
    </ClCompile>
    <ClCompile Include="StuDlg.cpp">
      <Filter>源文件</Filter>
    </ClCompile>
  </ItemGroup>
  <ItemGroup>
    <ClInclude Include="ConfigDlg.h">
      <Filter>头文件</Filter>
    </ClInclude>
    <ClInclude Include="DrawDlg.h">
      <Filter>头文件</Filter>
    </ClInclude>
    <ClInclude Include="Functions.h">
      <Filter>头文件</Filter>
    </ClInclude>
    <ClInclude Include="rbtnetDemo.h">
      <Filter>头文件</Filter>
    </ClInclude>
    <ClInclude Include="rbtnetDemoDlg.h">
      <Filter>头文件</Filter>
    </ClInclude>
    <ClInclude Include="Resource.h">
      <Filter>头文件</Filter>
    </ClInclude>
    <ClInclude Include="stdafx.h">
      <Filter>头文件</Filter>
    </ClInclude>
    <ClInclude Include="StuDlg.h">
      <Filter>头文件</Filter>
    </ClInclude>
    <ClInclude Include="targetver.h">
      <Filter>头文件</Filter>
    </ClInclude>
  </ItemGroup>
  <ItemGroup>
    <ResourceCompile Include="rbtnetDemo.rc" />
  </ItemGroup>
  <ItemGroup>
    <Image Include="res\rbtnetDemo.ico" />
  </ItemGroup>
  <ItemGroup>
    <None Include="res\rbtnetDemo.rc2" />
  </ItemGroup>
  <ItemGroup>
    <Text Include="ReadMe.txt" />
  </ItemGroup>
  <ItemGroup>
    <Filter Include="头文件">
      <UniqueIdentifier>{e4c07a37-81c3-45b1-b322-6464aeb8b359}</UniqueIdentifier>
    </Filter>
    <Filter Include="源文件">
      <UniqueIdentifier>{e91791c8-77d1-41b4-b6f6-e5eea399c509}</UniqueIdentifier>
    </Filter>
  </ItemGroup>
</Project>